
Microsoft Visual Studio Solution File, Format Version 12.00
# Visual Studio Version 16
VisualStudioVersion = 16.0.31624.102
MinimumVisualStudioVersion = 10.0.40219.1
Project("{FAE04EC0-301F-11D3-BF4B-00C04F79EFBC}") = "DistribuidoraBebidas", "DistribuidoraBebidas\DistribuidoraBebidas.csproj", "{5CD8B382-6BD3-4187-A299-18FAD9306EC4}"
EndProject
Global
	GlobalSection(SolutionConfigurationPlatforms) = preSolution
		Debug|Any CPU = Debug|Any CPU
		Release|Any CPU = Release|Any CPU
	EndGlobalSection
	GlobalSection(ProjectConfigurationPlatforms) = postSolution
		{5CD8B382-6BD3-4187-A299-18FAD9306EC4}.Debug|Any CPU.ActiveCfg = Debug|Any CPU
		{5CD8B382-6BD3-4187-A299-18FAD9306EC4}.Debug|Any CPU.Build.0 = Debug|Any CPU
		{5CD8B382-6BD3-4187-A299-18FAD9306EC4}.Release|Any CPU.ActiveCfg = Release|Any CPU
		{5CD8B382-6BD3-4187-A299-18FAD9306EC4}.Release|Any CPU.Build.0 = Release|Any CPU
	EndGlobalSection
	GlobalSection(SolutionProperties) = preSolution
		HideSolutionNode = FALSE
	EndGlobalSection
	GlobalSection(ExtensibilityGlobals) = postSolution
		SolutionGuid = {C1C710D2-CC95-4BDE-A342-E66372C1EF23}
	EndGlobalSection
EndGlobal
